// !$*UTF8*$!
{
	archiveVersion = 1;
	classes = {
	};
	objectVersion = 55;
	objects = {

/* Begin PBXBuildFile section */
		1803C70928D0FC0A00707E71 /* AppDelegate.swift in Sources */ = {isa = PBXBuildFile; fileRef = 1803C70828D0FC0A00707E71 /* AppDelegate.swift */; };
		1803C70B28D0FC0A00707E71 /* SceneDelegate.swift in Sources */ = {isa = PBXBuildFile; fileRef = 1803C70A28D0FC0A00707E71 /* SceneDelegate.swift */; };
		1803C70D28D0FC0A00707E71 /* ViewController.swift in Sources */ = {isa = PBXBuildFile; fileRef = 1803C70C28D0FC0A00707E71 /* ViewController.swift */; };
		1803C71228D0FC0B00707E71 /* Assets.xcassets in Resources */ = {isa = PBXBuildFile; fileRef = 1803C71128D0FC0B00707E71 /* Assets.xcassets */; };
		1803C71D28D0FF6700707E71 /* AppCoordinator.swift in Sources */ = {isa = PBXBuildFile; fileRef = 1803C71C28D0FF6700707E71 /* AppCoordinator.swift */; };
		1803C71F28D0FF6F00707E71 /* Coordinator.swift in Sources */ = {isa = PBXBuildFile; fileRef = 1803C71E28D0FF6F00707E71 /* Coordinator.swift */; };
		1803C72128D0FFAD00707E71 /* HomeViewController.swift in Sources */ = {isa = PBXBuildFile; fileRef = 1803C72028D0FFAD00707E71 /* HomeViewController.swift */; };
		1803C72328D10A3F00707E71 /* NetworkingManager.swift in Sources */ = {isa = PBXBuildFile; fileRef = 1803C72228D10A3F00707E71 /* NetworkingManager.swift */; };
		1803C72528D126AC00707E71 /* SearchViewController.swift in Sources */ = {isa = PBXBuildFile; fileRef = 1803C72428D126AC00707E71 /* SearchViewController.swift */; };
		1803C72728D1331000707E71 /* DetailViewController.swift in Sources */ = {isa = PBXBuildFile; fileRef = 1803C72628D1331000707E71 /* DetailViewController.swift */; };
		1803C72928D1415700707E71 /* SearchCoordinator.swift in Sources */ = {isa = PBXBuildFile; fileRef = 1803C72828D1415700707E71 /* SearchCoordinator.swift */; };
		1803C72B28D1531C00707E71 /* ShowTableViewCell.swift in Sources */ = {isa = PBXBuildFile; fileRef = 1803C72A28D1531C00707E71 /* ShowTableViewCell.swift */; };
		1803C72D28D156E600707E71 /* UIColorUtils.swift in Sources */ = {isa = PBXBuildFile; fileRef = 1803C72C28D156E600707E71 /* UIColorUtils.swift */; };
/* End PBXBuildFile section */

/* Begin PBXFileReference section */
		1803C70528D0FC0A00707E71 /* TvShowReminder.app */ = {isa = PBXFileReference; explicitFileType = wrapper.application; includeInIndex = 0; path = TvShowReminder.app; sourceTree = BUILT_PRODUCTS_DIR; };
		1803C70828D0FC0A00707E71 /* AppDelegate.swift */ = {isa = PBXFileReference; lastKnownFileType = sourcecode.swift; path = AppDelegate.swift; sourceTree = "<group>"; };
		1803C70A28D0FC0A00707E71 /* SceneDelegate.swift */ = {isa = PBXFileReference; lastKnownFileType = sourcecode.swift; path = SceneDelegate.swift; sourceTree = "<group>"; };
		1803C70C28D0FC0A00707E71 /* ViewController.swift */ = {isa = PBXFileReference; lastKnownFileType = sourcecode.swift; path = ViewController.swift; sourceTree = "<group>"; };
		1803C71128D0FC0B00707E71 /* Assets.xcassets */ = {isa = PBXFileReference; lastKnownFileType = folder.assetcatalog; path = Assets.xcassets; sourceTree = "<group>"; };
		1803C71628D0FC0B00707E71 /* Info.plist */ = {isa = PBXFileReference; lastKnownFileType = text.plist.xml; path = Info.plist; sourceTree = "<group>"; };
		1803C71C28D0FF6700707E71 /* AppCoordinator.swift */ = {isa = PBXFileReference; lastKnownFileType = sourcecode.swift; path = AppCoordinator.swift; sourceTree = "<group>"; };
		1803C71E28D0FF6F00707E71 /* Coordinator.swift */ = {isa = PBXFileReference; lastKnownFileType = sourcecode.swift; path = Coordinator.swift; sourceTree = "<group>"; };
		1803C72028D0FFAD00707E71 /* HomeViewController.swift */ = {isa = PBXFileReference; lastKnownFileType = sourcecode.swift; path = HomeViewController.swift; sourceTree = "<group>"; };
		1803C72228D10A3F00707E71 /* NetworkingManager.swift */ = {isa = PBXFileReference; lastKnownFileType = sourcecode.swift; path = NetworkingManager.swift; sourceTree = "<group>"; };
		1803C72428D126AC00707E71 /* SearchViewController.swift */ = {isa = PBXFileReference; lastKnownFileType = sourcecode.swift; path = SearchViewController.swift; sourceTree = "<group>"; };
		1803C72628D1331000707E71 /* DetailViewController.swift */ = {isa = PBXFileReference; lastKnownFileType = sourcecode.swift; path = DetailViewController.swift; sourceTree = "<group>"; };
		1803C72828D1415700707E71 /* SearchCoordinator.swift */ = {isa = PBXFileReference; lastKnownFileType = sourcecode.swift; path = SearchCoordinator.swift; sourceTree = "<group>"; };
		1803C72A28D1531C00707E71 /* ShowTableViewCell.swift */ = {isa = PBXFileReference; lastKnownFileType = sourcecode.swift; path = ShowTableViewCell.swift; sourceTree = "<group>"; };
		1803C72C28D156E600707E71 /* UIColorUtils.swift */ = {isa = PBXFileReference; lastKnownFileType = sourcecode.swift; path = UIColorUtils.swift; sourceTree = "<group>"; };
/* End PBXFileReference section */

/* Begin PBXFrameworksBuildPhase section */
		1803C70228D0FC0A00707E71 /* Frameworks */ = {
			isa = PBXFrameworksBuildPhase;
			buildActionMask = 2147483647;
			files = (
			);
			runOnlyForDeploymentPostprocessing = 0;
		};
/* End PBXFrameworksBuildPhase section */

/* Begin PBXGroup section */
		1803C6FC28D0FC0A00707E71 = {
			isa = PBXGroup;
			children = (
				1803C70728D0FC0A00707E71 /* TvShowReminder */,
				1803C70628D0FC0A00707E71 /* Products */,
			);
			sourceTree = "<group>";
		};
		1803C70628D0FC0A00707E71 /* Products */ = {
			isa = PBXGroup;
			children = (
				1803C70528D0FC0A00707E71 /* TvShowReminder.app */,
			);
			name = Products;
			sourceTree = "<group>";
		};
		1803C70728D0FC0A00707E71 /* TvShowReminder */ = {
			isa = PBXGroup;
			children = (
				1803C72428D126AC00707E71 /* SearchViewController.swift */,
				1803C72628D1331000707E71 /* DetailViewController.swift */,
				1803C72028D0FFAD00707E71 /* HomeViewController.swift */,
				1803C70828D0FC0A00707E71 /* AppDelegate.swift */,
				1803C70A28D0FC0A00707E71 /* SceneDelegate.swift */,
				1803C70C28D0FC0A00707E71 /* ViewController.swift */,
				1803C71128D0FC0B00707E71 /* Assets.xcassets */,
				1803C72A28D1531C00707E71 /* ShowTableViewCell.swift */,
				1803C71628D0FC0B00707E71 /* Info.plist */,
				1803C72828D1415700707E71 /* SearchCoordinator.swift */,
				1803C71C28D0FF6700707E71 /* AppCoordinator.swift */,
				1803C71E28D0FF6F00707E71 /* Coordinator.swift */,
				1803C72228D10A3F00707E71 /* NetworkingManager.swift */,
				1803C72C28D156E600707E71 /* UIColorUtils.swift */,
			);
			path = TvShowReminder;
			sourceTree = "<group>";
		};
/* End PBXGroup section */

/* Begin PBXNativeTarget section */
		1803C70428D0FC0A00707E71 /* TvShowReminder */ = {
			isa = PBXNativeTarget;
			buildConfigurationList = 1803C71928D0FC0B00707E71 /* Build configuration list for PBXNativeTarget "TvShowReminder" */;
			buildPhases = (
				1803C70128D0FC0A00707E71 /* Sources */,
				1803C70228D0FC0A00707E71 /* Frameworks */,
				1803C70328D0FC0A00707E71 /* Resources */,
			);
			buildRules = (
			);
			dependencies = (
			);
			name = TvShowReminder;
			productName = TvShowReminder;
			productReference = 1803C70528D0FC0A00707E71 /* TvShowReminder.app */;
			productType = "com.apple.product-type.application";
		};
/* End PBXNativeTarget section */

/* Begin PBXProject section */
		1803C6FD28D0FC0A00707E71 /* Project object */ = {
			isa = PBXProject;
			attributes = {
				BuildIndependentTargetsInParallel = 1;
				LastSwiftUpdateCheck = 1320;
				LastUpgradeCheck = 1320;
				TargetAttributes = {
					1803C70428D0FC0A00707E71 = {
						CreatedOnToolsVersion = 13.2.1;
					};
				};
			};
			buildConfigurationList = 1803C70028D0FC0A00707E71 /* Build configuration list for PBXProject "TvShowReminder" */;
			compatibilityVersion = "Xcode 13.0";
			developmentRegion = en;
			hasScannedForEncodings = 0;
			knownRegions = (
				en,
				Base,
			);
			mainGroup = 1803C6FC28D0FC0A00707E71;
			productRefGroup = 1803C70628D0FC0A00707E71 /* Products */;
			projectDirPath = "";
			projectRoot = "";
			targets = (
				1803C70428D0FC0A00707E71 /* TvShowReminder */,
			);
		};
/* End PBXProject section */

/* Begin PBXResourcesBuildPhase section */
		1803C70328D0FC0A00707E71 /* Resources */ = {
			isa = PBXResourcesBuildPhase;
			buildActionMask = 2147483647;
			files = (
				1803C71228D0FC0B00707E71 /* Assets.xcassets in Resources */,
			);
			runOnlyForDeploymentPostprocessing = 0;
		};
/* End PBXResourcesBuildPhase section */

/* Begin PBXSourcesBuildPhase section */
		1803C70128D0FC0A00707E71 /* Sources */ = {
			isa = PBXSourcesBuildPhase;
			buildActionMask = 2147483647;
			files = (
				1803C70D28D0FC0A00707E71 /* ViewController.swift in Sources */,
				1803C71F28D0FF6F00707E71 /* Coordinator.swift in Sources */,
				1803C72728D1331000707E71 /* DetailViewController.swift in Sources */,
				1803C72528D126AC00707E71 /* SearchViewController.swift in Sources */,
				1803C72128D0FFAD00707E71 /* HomeViewController.swift in Sources */,
				1803C70928D0FC0A00707E71 /* AppDelegate.swift in Sources */,
				1803C72928D1415700707E71 /* SearchCoordinator.swift in Sources */,
				1803C70B28D0FC0A00707E71 /* SceneDelegate.swift in Sources */,
				1803C71D28D0FF6700707E71 /* AppCoordinator.swift in Sources */,
				1803C72B28D1531C00707E71 /* ShowTableViewCell.swift in Sources */,
				1803C72328D10A3F00707E71 /* NetworkingManager.swift in Sources */,
				1803C72D28D156E600707E71 /* UIColorUtils.swift in Sources */,
			);
			runOnlyForDeploymentPostprocessing = 0;
		};
/* End PBXSourcesBuildPhase section */

/* Begin XCBuildConfiguration section */
		1803C71728D0FC0B00707E71 /* Debug */ = {
			isa = XCBuildConfiguration;
			buildSettings = {
				ALWAYS_SEARCH_USER_PATHS = NO;
				CLANG_ANALYZER_NONNULL = YES;
				CLANG_ANALYZER_NUMBER_OBJECT_CONVERSION = YES_AGGRESSIVE;
				CLANG_CXX_LANGUAGE_STANDARD = "gnu++17";
				CLANG_CXX_LIBRARY = "libc++";
				CLANG_ENABLE_MODULES = YES;
				CLANG_ENABLE_OBJC_ARC = YES;
				CLANG_ENABLE_OBJC_WEAK = YES;
				CLANG_WARN_BLOCK_CAPTURE_AUTORELEASING = YES;
				CLANG_WARN_BOOL_CONVERSION = YES;
				CLANG_WARN_COMMA = YES;
				CLANG_WARN_CONSTANT_CONVERSION = YES;
				CLANG_WARN_DEPRECATED_OBJC_IMPLEMENTATIONS = YES;
				CLANG_WARN_DIRECT_OBJC_ISA_USAGE = YES_ERROR;
				CLANG_WARN_DOCUMENTATION_COMMENTS = YES;
				CLANG_WARN_EMPTY_BODY = YES;
				CLANG_WARN_ENUM_CONVERSION = YES;
				CLANG_WARN_INFINITE_RECURSION = YES;
				CLANG_WARN_INT_CONVERSION = YES;
				CLANG_WARN_NON_LITERAL_NULL_CONVERSION = YES;
				CLANG_WARN_OBJC_IMPLICIT_RETAIN_SELF = YES;
				CLANG_WARN_OBJC_LITERAL_CONVERSION = YES;
				CLANG_WARN_OBJC_ROOT_CLASS = YES_ERROR;
				CLANG_WARN_QUOTED_INCLUDE_IN_FRAMEWORK_HEADER = YES;
				CLANG_WARN_RANGE_LOOP_ANALYSIS = YES;
				CLANG_WARN_STRICT_PROTOTYPES = YES;
				CLANG_WARN_SUSPICIOUS_MOVE = YES;
				CLANG_WARN_UNGUARDED_AVAILABILITY = YES_AGGRESSIVE;
				CLANG_WARN_UNREACHABLE_CODE = YES;
				CLANG_WARN__DUPLICATE_METHOD_MATCH = YES;
				COPY_PHASE_STRIP = NO;
				DEBUG_INFORMATION_FORMAT = dwarf;
				ENABLE_STRICT_OBJC_MSGSEND = YES;
				ENABLE_TESTABILITY = YES;
				GCC_C_LANGUAGE_STANDARD = gnu11;
				GCC_DYNAMIC_NO_PIC = NO;
				GCC_NO_COMMON_BLOCKS = YES;
				GCC_OPTIMIZATION_LEVEL = 0;
				GCC_PREPROCESSOR_DEFINITIONS = (
					"DEBUG=1",
					"$(inherited)",
				);
				GCC_WARN_64_TO_32_BIT_CONVERSION = YES;
				GCC_WARN_ABOUT_RETURN_TYPE = YES_ERROR;
				GCC_WARN_UNDECLARED_SELECTOR = YES;
				GCC_WARN_UNINITIALIZED_AUTOS = YES_AGGRESSIVE;
				GCC_WARN_UNUSED_FUNCTION = YES;
				GCC_WARN_UNUSED_VARIABLE = YES;
				IPHONEOS_DEPLOYMENT_TARGET = 15.2;
				MTL_ENABLE_DEBUG_INFO = INCLUDE_SOURCE;
				MTL_FAST_MATH = YES;
				ONLY_ACTIVE_ARCH = YES;
				SDKROOT = iphoneos;
				SWIFT_ACTIVE_COMPILATION_CONDITIONS = DEBUG;
				SWIFT_OPTIMIZATION_LEVEL = "-Onone";
			};
			name = Debug;
		};
		1803C71828D0FC0B00707E71 /* Release */ = {
			isa = XCBuildConfiguration;
			buildSettings = {
				ALWAYS_SEARCH_USER_PATHS = NO;
				CLANG_ANALYZER_NONNULL = YES;
				CLANG_ANALYZER_NUMBER_OBJECT_CONVERSION = YES_AGGRESSIVE;
				CLANG_CXX_LANGUAGE_STANDARD = "gnu++17";
				CLANG_CXX_LIBRARY = "libc++";
				CLANG_ENABLE_MODULES = YES;
				CLANG_ENABLE_OBJC_ARC = YES;
				CLANG_ENABLE_OBJC_WEAK = YES;
				CLANG_WARN_BLOCK_CAPTURE_AUTORELEASING = YES;
				CLANG_WARN_BOOL_CONVERSION = YES;
				CLANG_WARN_COMMA = YES;
				CLANG_WARN_CONSTANT_CONVERSION = YES;
				CLANG_WARN_DEPRECATED_OBJC_IMPLEMENTATIONS = YES;
				CLANG_WARN_DIRECT_OBJC_ISA_USAGE = YES_ERROR;
				CLANG_WARN_DOCUMENTATION_COMMENTS = YES;
				CLANG_WARN_EMPTY_BODY = YES;
				CLANG_WARN_ENUM_CONVERSION = YES;
				CLANG_WARN_INFINITE_RECURSION = YES;
				CLANG_WARN_INT_CONVERSION = YES;
				CLANG_WARN_NON_LITERAL_NULL_CONVERSION = YES;
				CLANG_WARN_OBJC_IMPLICIT_RETAIN_SELF = YES;
				CLANG_WARN_OBJC_LITERAL_CONVERSION = YES;
				CLANG_WARN_OBJC_ROOT_CLASS = YES_ERROR;
				CLANG_WARN_QUOTED_INCLUDE_IN_FRAMEWORK_HEADER = YES;
				CLANG_WARN_RANGE_LOOP_ANALYSIS = YES;
				CLANG_WARN_STRICT_PROTOTYPES = YES;
				CLANG_WARN_SUSPICIOUS_MOVE = YES;
				CLANG_WARN_UNGUARDED_AVAILABILITY = YES_AGGRESSIVE;
				CLANG_WARN_UNREACHABLE_CODE = YES;
				CLANG_WARN__DUPLICATE_METHOD_MATCH = YES;
				COPY_PHASE_STRIP = NO;
				DEBUG_INFORMATION_FORMAT = "dwarf-with-dsym";
				ENABLE_NS_ASSERTIONS = NO;
				ENABLE_STRICT_OBJC_MSGSEND = YES;
				GCC_C_LANGUAGE_STANDARD = gnu11;
				GCC_NO_COMMON_BLOCKS = YES;
				GCC_WARN_64_TO_32_BIT_CONVERSION = YES;
				GCC_WARN_ABOUT_RETURN_TYPE = YES_ERROR;
				GCC_WARN_UNDECLARED_SELECTOR = YES;
				GCC_WARN_UNINITIALIZED_AUTOS = YES_AGGRESSIVE;
				GCC_WARN_UNUSED_FUNCTION = YES;
				GCC_WARN_UNUSED_VARIABLE = YES;
				IPHONEOS_DEPLOYMENT_TARGET = 15.2;
				MTL_ENABLE_DEBUG_INFO = NO;
				MTL_FAST_MATH = YES;
				SDKROOT = iphoneos;
				SWIFT_COMPILATION_MODE = wholemodule;
				SWIFT_OPTIMIZATION_LEVEL = "-O";
				VALIDATE_PRODUCT = YES;
			};
			name = Release;
		};
		1803C71A28D0FC0B00707E71 /* Debug */ = {
			isa = XCBuildConfiguration;
			buildSettings = {
				ASSETCATALOG_COMPILER_APPICON_NAME = AppIcon;
				ASSETCATALOG_COMPILER_GLOBAL_ACCENT_COLOR_NAME = AccentColor;
				CODE_SIGN_STYLE = Automatic;
				CURRENT_PROJECT_VERSION = 1;
				GENERATE_INFOPLIST_FILE = YES;
				INFOPLIST_FILE = TvShowReminder/Info.plist;
				INFOPLIST_KEY_UIApplicationSupportsIndirectInputEvents = YES;
				INFOPLIST_KEY_UILaunchStoryboardName = LaunchScreen;
				INFOPLIST_KEY_UISupportedInterfaceOrientations_iPad = "UIInterfaceOrientationPortrait UIInterfaceOrientationPortraitUpsideDown UIInterfaceOrientationLandscapeLeft UIInterfaceOrientationLandscapeRight";
				INFOPLIST_KEY_UISupportedInterfaceOrientations_iPhone = "UIInterfaceOrientationPortrait UIInterfaceOrientationLandscapeLeft UIInterfaceOrientationLandscapeRight";
				LD_RUNPATH_SEARCH_PATHS = (
					"$(inherited)",
					"@executable_path/Frameworks",
				);
				MARKETING_VERSION = 1.0;
				PRODUCT_BUNDLE_IDENTIFIER = com.challengeapp.TvShowReminder;
				PRODUCT_NAME = "$(TARGET_NAME)";
				SWIFT_EMIT_LOC_STRINGS = YES;
				SWIFT_VERSION = 5.0;
				TARGETED_DEVICE_FAMILY = "1,2";
			};
			name = Debug;
		};
		1803C71B28D0FC0B00707E71 /* Release */ = {
			isa = XCBuildConfiguration;
			buildSettings = {
				ASSETCATALOG_COMPILER_APPICON_NAME = AppIcon;
				ASSETCATALOG_COMPILER_GLOBAL_ACCENT_COLOR_NAME = AccentColor;
				CODE_SIGN_STYLE = Automatic;
				CURRENT_PROJECT_VERSION = 1;
				GENERATE_INFOPLIST_FILE = YES;
				INFOPLIST_FILE = TvShowReminder/Info.plist;
				INFOPLIST_KEY_UIApplicationSupportsIndirectInputEvents = YES;
				INFOPLIST_KEY_UILaunchStoryboardName = LaunchScreen;
				INFOPLIST_KEY_UISupportedInterfaceOrientations_iPad = "UIInterfaceOrientationPortrait UIInterfaceOrientationPortraitUpsideDown UIInterfaceOrientationLandscapeLeft UIInterfaceOrientationLandscapeRight";
				INFOPLIST_KEY_UISupportedInterfaceOrientations_iPhone = "UIInterfaceOrientationPortrait UIInterfaceOrientationLandscapeLeft UIInterfaceOrientationLandscapeRight";
				LD_RUNPATH_SEARCH_PATHS = (
					"$(inherited)",
					"@executable_path/Frameworks",
				);
				MARKETING_VERSION = 1.0;
				PRODUCT_BUNDLE_IDENTIFIER = com.challengeapp.TvShowReminder;
				PRODUCT_NAME = "$(TARGET_NAME)";
				SWIFT_EMIT_LOC_STRINGS = YES;
				SWIFT_VERSION = 5.0;
				TARGETED_DEVICE_FAMILY = "1,2";
			};
			name = Release;
		};
/* End XCBuildConfiguration section */

/* Begin XCConfigurationList section */
		1803C70028D0FC0A00707E71 /* Build configuration list for PBXProject "TvShowReminder" */ = {
			isa = XCConfigurationList;
			buildConfigurations = (
				1803C71728D0FC0B00707E71 /* Debug */,
				1803C71828D0FC0B00707E71 /* Release */,
			);
			defaultConfigurationIsVisible = 0;
			defaultConfigurationName = Release;
		};
		1803C71928D0FC0B00707E71 /* Build configuration list for PBXNativeTarget "TvShowReminder" */ = {
			isa = XCConfigurationList;
			buildConfigurations = (
				1803C71A28D0FC0B00707E71 /* Debug */,
				1803C71B28D0FC0B00707E71 /* Release */,
			);
			defaultConfigurationIsVisible = 0;
			defaultConfigurationName = Release;
		};
/* End XCConfigurationList section */
	};
	rootObject = 1803C6FD28D0FC0A00707E71 /* Project object */;
}
